
Microsoft Visual Studio Solution File, Format Version 12.00
# Visual Studio Version 17
VisualStudioVersion = 17.4.33110.190
MinimumVisualStudioVersion = 10.0.40219.1
Project("{FAE04EC0-301F-11D3-BF4B-00C04F79EFBC}") = "ICL.Mediator", "ICL.Mediator\ICL.Mediator.csproj", "{515C03AE-B026-45CD-ADC1-9169F3E58CAE}"
EndProject
Global
	GlobalSection(SolutionConfigurationPlatforms) = preSolution
		Debug|Any CPU = Debug|Any CPU
		Release|Any CPU = Release|Any CPU
	EndGlobalSection
	GlobalSection(ProjectConfigurationPlatforms) = postSolution
		{515C03AE-B026-45CD-ADC1-9169F3E58CAE}.Debug|Any CPU.ActiveCfg = Debug|Any CPU
		{515C03AE-B026-45CD-ADC1-9169F3E58CAE}.Debug|Any CPU.Build.0 = Debug|Any CPU
		{515C03AE-B026-45CD-ADC1-9169F3E58CAE}.Release|Any CPU.ActiveCfg = Release|Any CPU
		{515C03AE-B026-45CD-ADC1-9169F3E58CAE}.Release|Any CPU.Build.0 = Release|Any CPU
	EndGlobalSection
	GlobalSection(SolutionProperties) = preSolution
		HideSolutionNode = FALSE
	EndGlobalSection
	GlobalSection(ExtensibilityGlobals) = postSolution
		SolutionGuid = {C4674142-EB1D-465A-B1B2-717F1395DB6A}
	EndGlobalSection
EndGlobal
